
Microsoft Visual Studio Solution File, Format Version 12.00
# Visual Studio Version 17
VisualStudioVersion = 17.11.35219.272
MinimumVisualStudioVersion = 10.0.40219.1
Project("{FAE04EC0-301F-11D3-BF4B-00C04F79EFBC}") = "WebFileManagment.Server", "WebFileManagment.Server\WebFileManagment.Server.csproj", "{8ACD988F-2A52-4F25-860A-7DF4E223E9B8}"
EndProject
Project("{FAE04EC0-301F-11D3-BF4B-00C04F79EFBC}") = "WebFileManagment.StorageBroker", "WebFileManagment.StorageBroker\WebFileManagment.StorageBroker.csproj", "{D88BBC26-79B5-488E-B9F4-073EFFB55544}"
EndProject
Project("{FAE04EC0-301F-11D3-BF4B-00C04F79EFBC}") = "WebFileManagment.Service", "WebFileManagment.Service\WebFileManagment.Service.csproj", "{2DB91F14-F24A-4601-B411-7B0AFB21529E}"
EndProject
Global
	GlobalSection(SolutionConfigurationPlatforms) = preSolution
		Debug|Any CPU = Debug|Any CPU
		Release|Any CPU = Release|Any CPU
	EndGlobalSection
	GlobalSection(ProjectConfigurationPlatforms) = postSolution
		{8ACD988F-2A52-4F25-860A-7DF4E223E9B8}.Debug|Any CPU.ActiveCfg = Debug|Any CPU
		{8ACD988F-2A52-4F25-860A-7DF4E223E9B8}.Debug|Any CPU.Build.0 = Debug|Any CPU
		{8ACD988F-2A52-4F25-860A-7DF4E223E9B8}.Release|Any CPU.ActiveCfg = Release|Any CPU
		{8ACD988F-2A52-4F25-860A-7DF4E223E9B8}.Release|Any CPU.Build.0 = Release|Any CPU
		{D88BBC26-79B5-488E-B9F4-073EFFB55544}.Debug|Any CPU.ActiveCfg = Debug|Any CPU
		{D88BBC26-79B5-488E-B9F4-073EFFB55544}.Debug|Any CPU.Build.0 = Debug|Any CPU
		{D88BBC26-79B5-488E-B9F4-073EFFB55544}.Release|Any CPU.ActiveCfg = Release|Any CPU
		{D88BBC26-79B5-488E-B9F4-073EFFB55544}.Release|Any CPU.Build.0 = Release|Any CPU
		{2DB91F14-F24A-4601-B411-7B0AFB21529E}.Debug|Any CPU.ActiveCfg = Debug|Any CPU
		{2DB91F14-F24A-4601-B411-7B0AFB21529E}.Debug|Any CPU.Build.0 = Debug|Any CPU
		{2DB91F14-F24A-4601-B411-7B0AFB21529E}.Release|Any CPU.ActiveCfg = Release|Any CPU
		{2DB91F14-F24A-4601-B411-7B0AFB21529E}.Release|Any CPU.Build.0 = Release|Any CPU
	EndGlobalSection
	GlobalSection(SolutionProperties) = preSolution
		HideSolutionNode = FALSE
	EndGlobalSection
	GlobalSection(ExtensibilityGlobals) = postSolution
		SolutionGuid = {C86B4DFD-7092-4400-8B82-AC8B6388CD0A}
	EndGlobalSection
EndGlobal
